PODS:
  - JustLayout (1.2.1)
  - Kingfisher (4.6.1)
  - ParamountDialogs (2.0.5):
    - JustLayout
    - Kingfisher
    - PresentationSettings
    - SystemSounds
  - PresentationSettings (1.1.2)
  - SystemSounds (1.0.1)

DEPENDENCIES:
  - ParamountDialogs (from `../`)

EXTERNAL SOURCES:
  ParamountDialogs:
    :path: ../

SPEC CHECKSUMS:
  JustLayout: 3015f2e0d923f20cfa64ebf8830e2288e199486e
  Kingfisher: 1f9157d9c02b380cbd0b7cc890161195164eb634
  ParamountDialogs: 41ea7ff30c14cafac0f5273c36504fdd3c3ffb61
  PresentationSettings: a4a9b3675d2294140daf4d1606c94509d65ed915
  SystemSounds: 7e3dc5eaca4b5bbca3f1e6e82796489a8407f474

PODFILE CHECKSUM: f94a59a0decdf756db7e327f1050e1c62dd806fa

COCOAPODS: 1.4.0
